Microsoft Visual Studio Solution File, Format Version 12.00
# Visual Studio Version 17
VisualStudioVersion = 17.0.31903.59
MinimumVisualStudioVersion = 10.0.40219.1
Project("{FAE04EC0-301F-11D3-BF4B-00C04F79EFBC}") = "DeskRealm.App", "src\DeskRealm.App\DeskRealm.App.csproj", "{AA0906B5-B1A8-4F90-A83A-E78F17D7AB28}"
EndProject
Global
	GlobalSection(SolutionConfigurationPlatforms) = preSolution
		Debug|Any CPU = Debug|Any CPU
		Release|Any CPU = Release|Any CPU
	EndGlobalSection
	GlobalSection(ProjectConfigurationPlatforms) = postSolution
		{AA0906B5-B1A8-4F90-A83A-E78F17D7AB28}.Debug|Any CPU.ActiveCfg = Debug|Any CPU
		{AA0906B5-B1A8-4F90-A83A-E78F17D7AB28}.Debug|Any CPU.Build.0 = Debug|Any CPU
		{AA0906B5-B1A8-4F90-A83A-E78F17D7AB28}.Release|Any CPU.ActiveCfg = Release|Any CPU
		{AA0906B5-B1A8-4F90-A83A-E78F17D7AB28}.Release|Any CPU.Build.0 = Release|Any CPU
	EndGlobalSection
EndGlobal
